
Microsoft Visual Studio Solution File, Format Version 12.00
# Visual Studio Version 16
VisualStudioVersion = 16.0.29728.190
MinimumVisualStudioVersion = 10.0.40219.1
Project("{FAE04EC0-301F-11D3-BF4B-00C04F79EFBC}") = "WebAPI", "WebAPI\WebAPI.csproj", "{2364D3FC-4918-4A9D-AE4B-E5A313C060B2}"
EndProject
Global
	GlobalSection(SolutionConfigurationPlatforms) = preSolution
		Debug|Any CPU = Debug|Any CPU
		Release|Any CPU = Release|Any CPU
	EndGlobalSection
	GlobalSection(ProjectConfigurationPlatforms) = postSolution
		{2364D3FC-4918-4A9D-AE4B-E5A313C060B2}.Debug|Any CPU.ActiveCfg = Debug|Any CPU
		{2364D3FC-4918-4A9D-AE4B-E5A313C060B2}.Debug|Any CPU.Build.0 = Debug|Any CPU
		{2364D3FC-4918-4A9D-AE4B-E5A313C060B2}.Release|Any CPU.ActiveCfg = Release|Any CPU
		{2364D3FC-4918-4A9D-AE4B-E5A313C060B2}.Release|Any CPU.Build.0 = Release|Any CPU
	EndGlobalSection
	GlobalSection(SolutionProperties) = preSolution
		HideSolutionNode = FALSE
	EndGlobalSection
	GlobalSection(ExtensibilityGlobals) = postSolution
		SolutionGuid = {B72E3630-8AB6-4DD6-B82D-08B368481BE2}
	EndGlobalSection
EndGlobal
